# THIS IS AN AUTOGENERATED FILE. DO NOT EDIT THIS FILE DIRECTLY.
# yarn lockfile v1


"@types/history@*":
  version "4.5.2"
  resolved "https://registry.yarnpkg.com/@types/history/-/history-4.5.2.tgz#7739c850b7a5de94221accb352f9cabd1bcabe7c"

"@types/react-bootstrap@^0.0.37":
  version "0.0.37"
  resolved "https://registry.yarnpkg.com/@types/react-bootstrap/-/react-bootstrap-0.0.37.tgz#92ede008d5b988f1afcfbd61c8cebe705f86a9cd"
  dependencies:
    "@types/react" "*"

"@types/react-dom@15.5.0":
  version "15.5.0"
  resolved "https://registry.yarnpkg.com/@types/react-dom/-/react-dom-15.5.0.tgz#7f4fb9613d4051141773242f7b6b5f1a46b34bd9"
  dependencies:
    "@types/react" "*"

"@types/react-helmet@0.0.28":
  version "0.0.28"
  resolved "https://registry.yarnpkg.com/@types/react-helmet/-/react-helmet-0.0.28.tgz#8a823e852980585df23b41912af026f02f5eae28"
  dependencies:
    "@types/react" "*"

"@types/react-hot-loader@^3.0.1":
  version "3.0.1"
  resolved "https://registry.yarnpkg.com/@types/react-hot-loader/-/react-hot-loader-3.0.1.tgz#d15e3af68595c5d6c5576cfcc18e28d578924fce"
  dependencies:
    "@types/react" "*"

"@types/react-redux@^4.4.35":
  version "4.4.43"
  resolved "https://registry.yarnpkg.com/@types/react-redux/-/react-redux-4.4.43.tgz#f17d1b59b7899ada072c1c18ac5641245ad3aabd"
  dependencies:
    "@types/react" "*"
    redux "^3.6.0"

"@types/react-router-bootstrap@^0.24.0":
  version "0.24.1"
  resolved "https://registry.yarnpkg.com/@types/react-router-bootstrap/-/react-router-bootstrap-0.24.1.tgz#fc039270a3f8284c93cfa748f016001351444130"
  dependencies:
    "@types/react" "*"
    "@types/react-router-dom" "*"

"@types/react-router-dom@*", "@types/react-router-dom@^4.0.4":
  version "4.0.4"
  resolved "https://registry.yarnpkg.com/@types/react-router-dom/-/react-router-dom-4.0.4.tgz#49f4a7037958f743e764b807fcbc8062fe46e493"
  dependencies:
    "@types/history" "*"
    "@types/react" "*"
    "@types/react-router" "*"

"@types/react-router-redux@^5.0.1":
  version "5.0.2"
  resolved "https://registry.yarnpkg.com/@types/react-router-redux/-/react-router-redux-5.0.2.tgz#01e886d4ebfcb6bb60a8700264ff2b6697b7c97e"
  dependencies:
    "@types/history" "*"
    "@types/react" "*"
    redux "^3.6.0"

"@types/react-router@*", "@types/react-router@^4.0.9":
  version "4.0.11"
  resolved "https://registry.yarnpkg.com/@types/react-router/-/react-router-4.0.11.tgz#de631d00477081c24a4668c10287ea5f3cd51311"
  dependencies:
    "@types/history" "*"
    "@types/react" "*"

"@types/react@*":
  version "15.0.29"
  resolved "https://registry.yarnpkg.com/@types/react/-/react-15.0.29.tgz#a10831b9d025bcef6cab7bc1c6547bdddbabc938"

"@types/react@15.0.30":
  version "15.0.30"
  resolved "https://registry.yarnpkg.com/@types/react/-/react-15.0.30.tgz#a4e153e1e83fbef341fc9aad1a7d62bf8c1f52a3"

"@types/redux-form@^6.3.2":
  version "6.6.3"
  resolved "https://registry.yarnpkg.com/@types/redux-form/-/redux-form-6.6.3.tgz#ef6be78542e7362195fca1a20aceab745dc04c4b"
  dependencies:
    "@types/react" "*"
    redux "^3.6.0"

"@types/redux-logger@^2.6.34":
  version "2.10.0"
  resolved "https://registry.yarnpkg.com/@types/redux-logger/-/redux-logger-2.10.0.tgz#072e955a1fe8bc2407ad5b521b1ec40299d74954"
  dependencies:
    redux "^3.6.0"

"@types/redux-thunk@^2.1.0":
  version "2.1.32"
  resolved "https://registry.yarnpkg.com/@types/redux-thunk/-/redux-thunk-2.1.32.tgz#27fac368ced9ea170bf15e5fa4a21d9201f73102"
  dependencies:
    redux "^3.6.0"

"@types/redux@^3.6.0":
  version "3.6.31"
  resolved "https://registry.yarnpkg.com/@types/redux/-/redux-3.6.31.tgz#40eafa7575db36b912ce0059b85de98c205b0708"

js-tokens@^3.0.0:
  version "3.0.1"
  resolved "https://registry.yarnpkg.com/js-tokens/-/js-tokens-3.0.1.tgz#08e9f132484a2c45a30907e9dc4d5567b7f114d7"

lodash-es@^4.2.1:
  version "4.17.4"
  resolved "https://registry.yarnpkg.com/lodash-es/-/lodash-es-4.17.4.tgz#dcc1d7552e150a0640073ba9cb31d70f032950e7"

lodash@^4.2.1:
  version "4.17.4"
  resolved "https://registry.yarnpkg.com/lodash/-/lodash-4.17.4.tgz#78203a4d1c328ae1d86dca6460e369b57f4055ae"

loose-envify@^1.1.0:
  version "1.3.1"
  resolved "https://registry.yarnpkg.com/loose-envify/-/loose-envify-1.3.1.tgz#d1a8ad33fa9ce0e713d65fdd0ac8b748d478c848"
  dependencies:
    js-tokens "^3.0.0"

redux@^3.6.0:
  version "3.7.0"
  resolved "https://registry.yarnpkg.com/redux/-/redux-3.7.0.tgz#07a623cafd92eee8abe309d13d16538f6707926f"
  dependencies:
    lodash "^4.2.1"
    lodash-es "^4.2.1"
    loose-envify "^1.1.0"
    symbol-observable "^1.0.3"

symbol-observable@^1.0.3:
  version "1.0.4"
  resolved "https://registry.yarnpkg.com/symbol-observable/-/symbol-observable-1.0.4.tgz#29bf615d4aa7121bdd898b22d4b3f9bc4e2aa03d"
