# THIS IS AN AUTOGENERATED FILE. DO NOT EDIT THIS FILE DIRECTLY.
# yarn lockfile v1


argparse@^1.0.7:
  version "1.0.9"
  resolved "https://registry.yarnpkg.com/argparse/-/argparse-1.0.9.tgz#73d83bc263f86e97f8cc4f6bae1b0e90a7d22c86"
  dependencies:
    sprintf-js "~1.0.2"

complex.js@2.0.4:
  version "2.0.4"
  resolved "https://registry.yarnpkg.com/complex.js/-/complex.js-2.0.4.tgz#d8e7cfb9652d1e853e723386421c1a0ca7a48373"

decimal.js@7.2.3:
  version "7.2.3"
  resolved "https://registry.yarnpkg.com/decimal.js/-/decimal.js-7.2.3.tgz#6434c3b8a8c375780062fc633d0d2bbdb264cc78"

esprima@^4.0.0:
  version "4.0.0"
  resolved "https://registry.yarnpkg.com/esprima/-/esprima-4.0.0.tgz#4499eddcd1110e0b218bacf2fa7f7f59f55ca804"

fraction.js@4.0.2:
  version "4.0.2"
  resolved "https://registry.yarnpkg.com/fraction.js/-/fraction.js-4.0.2.tgz#0eae896626f334b1bde763371347a83b5575d7f0"

javascript-natural-sort@0.7.1:
  version "0.7.1"
  resolved "https://registry.yarnpkg.com/javascript-natural-sort/-/javascript-natural-sort-0.7.1.tgz#f9e2303d4507f6d74355a73664d1440fb5a0ef59"

js-moss@^0.6.3:
  version "0.6.3"
  resolved "https://registry.yarnpkg.com/js-moss/-/js-moss-0.6.3.tgz#17b66f29611c35e413fdcec5e842ffe2c5d3f92a"
  dependencies:
    js-yaml "^3.6.1"
    mathjs "^3.14.2"
    typed-json-transform "^0.16.9"

js-yaml@^3.6.1:
  version "3.10.0"
  resolved "https://registry.yarnpkg.com/js-yaml/-/js-yaml-3.10.0.tgz#2e78441646bd4682e963f22b6e92823c309c62dc"
  dependencies:
    argparse "^1.0.7"
    esprima "^4.0.0"

mathjs@^3.14.2:
  version "3.16.3"
  resolved "https://registry.yarnpkg.com/mathjs/-/mathjs-3.16.3.tgz#74f21d553d4cb1a82b480541ae1fcb0bd0f6f0aa"
  dependencies:
    complex.js "2.0.4"
    decimal.js "7.2.3"
    fraction.js "4.0.2"
    javascript-natural-sort "0.7.1"
    seed-random "2.2.0"
    tiny-emitter "2.0.0"
    typed-function "0.10.5"

seed-random@2.2.0:
  version "2.2.0"
  resolved "https://registry.yarnpkg.com/seed-random/-/seed-random-2.2.0.tgz#2a9b19e250a817099231a5b99a4daf80b7fbed54"

sprintf-js@~1.0.2:
  version "1.0.3"
  resolved "https://registry.yarnpkg.com/sprintf-js/-/sprintf-js-1.0.3.tgz#04e6926f662895354f3dd015203633b857297e2c"

tiny-emitter@2.0.0:
  version "2.0.0"
  resolved "https://registry.yarnpkg.com/tiny-emitter/-/tiny-emitter-2.0.0.tgz#bad327adb1804b42a231afa741532bd884cd09ad"

typed-function@0.10.5:
  version "0.10.5"
  resolved "https://registry.yarnpkg.com/typed-function/-/typed-function-0.10.5.tgz#2e0f18abd065219fab694a446a65c6d1981832c0"

typed-json-transform@^0.16.9:
  version "0.16.9"
  resolved "https://registry.yarnpkg.com/typed-json-transform/-/typed-json-transform-0.16.9.tgz#aaf7fc5b0f6959787daf311ede663898c76bf9eb"

typed-json-transform@^0.17.1:
  version "0.17.1"
  resolved "https://registry.yarnpkg.com/typed-json-transform/-/typed-json-transform-0.17.1.tgz#70b1542c7f922080a1d59c87d4c4a0da9db2d9aa"
